
Microsoft Visual Studio Solution File, Format Version 12.00
# Visual Studio Version 16
VisualStudioVersion = 16.0.30611.23
MinimumVisualStudioVersion = 10.0.40219.1
Project("{FAE04EC0-301F-11D3-BF4B-00C04F79EFBC}") = "PasswordManager.Domain", "PasswordManager.Domain\PasswordManager.Domain.csproj", "{23B31223-D905-4487-9FB0-FCA267CB9703}"
EndProject
Project("{FAE04EC0-301F-11D3-BF4B-00C04F79EFBC}") = "PasswordManager.WebService", "PasswordManager.WebService\PasswordManager.WebService.csproj", "{74DC2FDC-C0D7-4D26-9EEA-DECA317AC23F}"
EndProject
Project("{FAE04EC0-301F-11D3-BF4B-00C04F79EFBC}") = "PasswordManager.Web", "PasswordManager.Web\PasswordManager.Web.csproj", "{9B2D26DA-1373-49E9-B7FD-1588DB7DD2FF}"
EndProject
Project("{9A19103F-16F7-4668-BE54-9A1E7A4F7556}") = "RestUtils", "RestUtils\RestUtils.csproj", "{1E4856F9-2E67-4FAA-BAB6-F7A49F690029}"
EndProject
Project("{FAE04EC0-301F-11D3-BF4B-00C04F79EFBC}") = "PasswordManager.XML", "PasswordManager.XML\PasswordManager.XML.csproj", "{623DE2FA-A28F-4BA0-8CDB-26236377D624}"
EndProject
Global
	GlobalSection(SolutionConfigurationPlatforms) = preSolution
		Debug|Any CPU = Debug|Any CPU
		Release|Any CPU = Release|Any CPU
	EndGlobalSection
	GlobalSection(ProjectConfigurationPlatforms) = postSolution
		{23B31223-D905-4487-9FB0-FCA267CB9703}.Debug|Any CPU.ActiveCfg = Debug|Any CPU
		{23B31223-D905-4487-9FB0-FCA267CB9703}.Debug|Any CPU.Build.0 = Debug|Any CPU
		{23B31223-D905-4487-9FB0-FCA267CB9703}.Release|Any CPU.ActiveCfg = Release|Any CPU
		{23B31223-D905-4487-9FB0-FCA267CB9703}.Release|Any CPU.Build.0 = Release|Any CPU
		{74DC2FDC-C0D7-4D26-9EEA-DECA317AC23F}.Debug|Any CPU.ActiveCfg = Debug|Any CPU
		{74DC2FDC-C0D7-4D26-9EEA-DECA317AC23F}.Debug|Any CPU.Build.0 = Debug|Any CPU
		{74DC2FDC-C0D7-4D26-9EEA-DECA317AC23F}.Release|Any CPU.ActiveCfg = Release|Any CPU
		{74DC2FDC-C0D7-4D26-9EEA-DECA317AC23F}.Release|Any CPU.Build.0 = Release|Any CPU
		{9B2D26DA-1373-49E9-B7FD-1588DB7DD2FF}.Debug|Any CPU.ActiveCfg = Debug|Any CPU
		{9B2D26DA-1373-49E9-B7FD-1588DB7DD2FF}.Debug|Any CPU.Build.0 = Debug|Any CPU
		{9B2D26DA-1373-49E9-B7FD-1588DB7DD2FF}.Release|Any CPU.ActiveCfg = Release|Any CPU
		{9B2D26DA-1373-49E9-B7FD-1588DB7DD2FF}.Release|Any CPU.Build.0 = Release|Any CPU
		{1E4856F9-2E67-4FAA-BAB6-F7A49F690029}.Debug|Any CPU.ActiveCfg = Debug|Any CPU
		{1E4856F9-2E67-4FAA-BAB6-F7A49F690029}.Debug|Any CPU.Build.0 = Debug|Any CPU
		{1E4856F9-2E67-4FAA-BAB6-F7A49F690029}.Release|Any CPU.ActiveCfg = Release|Any CPU
		{1E4856F9-2E67-4FAA-BAB6-F7A49F690029}.Release|Any CPU.Build.0 = Release|Any CPU
		{623DE2FA-A28F-4BA0-8CDB-26236377D624}.Debug|Any CPU.ActiveCfg = Debug|Any CPU
		{623DE2FA-A28F-4BA0-8CDB-26236377D624}.Debug|Any CPU.Build.0 = Debug|Any CPU
		{623DE2FA-A28F-4BA0-8CDB-26236377D624}.Release|Any CPU.ActiveCfg = Release|Any CPU
		{623DE2FA-A28F-4BA0-8CDB-26236377D624}.Release|Any CPU.Build.0 = Release|Any CPU
	EndGlobalSection
	GlobalSection(SolutionProperties) = preSolution
		HideSolutionNode = FALSE
	EndGlobalSection
	GlobalSection(ExtensibilityGlobals) = postSolution
		SolutionGuid = {7307C969-4B31-4F91-A353-63DBB909AC22}
	EndGlobalSection
EndGlobal
