
Microsoft Visual Studio Solution File, Format Version 12.00
# Visual Studio Version 16
VisualStudioVersion = 16.0.30611.23
MinimumVisualStudioVersion = 10.0.40219.1
Project("{FAE04EC0-301F-11D3-BF4B-00C04F79EFBC}") = "PasswordManager.Domain", "PasswordManager.Domain\PasswordManager.Domain.csproj", "{23B31223-D905-4487-9FB0-FCA267CB9703}"
EndProject
Global
	GlobalSection(SolutionConfigurationPlatforms) = preSolution
		Debug|Any CPU = Debug|Any CPU
		Release|Any CPU = Release|Any CPU
	EndGlobalSection
	GlobalSection(ProjectConfigurationPlatforms) = postSolution
		{23B31223-D905-4487-9FB0-FCA267CB9703}.Debug|Any CPU.ActiveCfg = Debug|Any CPU
		{23B31223-D905-4487-9FB0-FCA267CB9703}.Debug|Any CPU.Build.0 = Debug|Any CPU
		{23B31223-D905-4487-9FB0-FCA267CB9703}.Release|Any CPU.ActiveCfg = Release|Any CPU
		{23B31223-D905-4487-9FB0-FCA267CB9703}.Release|Any CPU.Build.0 = Release|Any CPU
	EndGlobalSection
	GlobalSection(SolutionProperties) = preSolution
		HideSolutionNode = FALSE
	EndGlobalSection
	GlobalSection(ExtensibilityGlobals) = postSolution
		SolutionGuid = {7307C969-4B31-4F91-A353-63DBB909AC22}
	EndGlobalSection
EndGlobal
